
Microsoft Visual Studio Solution File, Format Version 12.00
# Visual Studio Version 16
VisualStudioVersion = 16.0.31005.135
MinimumVisualStudioVersion = 10.0.40219.1
Project("{FAE04EC0-301F-11D3-BF4B-00C04F79EFBC}") = "practice5_HW5_LaneDetection", "practice5_HW5_LaneDetection\practice5_HW5_LaneDetection.csproj", "{5672CE72-1587-44C5-B99D-9079CF355F7C}"
EndProject
Global
	GlobalSection(SolutionConfigurationPlatforms) = preSolution
		Debug|Any CPU = Debug|Any CPU
		Release|Any CPU = Release|Any CPU
	EndGlobalSection
	GlobalSection(ProjectConfigurationPlatforms) = postSolution
		{5672CE72-1587-44C5-B99D-9079CF355F7C}.Debug|Any CPU.ActiveCfg = Debug|Any CPU
		{5672CE72-1587-44C5-B99D-9079CF355F7C}.Debug|Any CPU.Build.0 = Debug|Any CPU
		{5672CE72-1587-44C5-B99D-9079CF355F7C}.Release|Any CPU.ActiveCfg = Release|Any CPU
		{5672CE72-1587-44C5-B99D-9079CF355F7C}.Release|Any CPU.Build.0 = Release|Any CPU
	EndGlobalSection
	GlobalSection(SolutionProperties) = preSolution
		HideSolutionNode = FALSE
	EndGlobalSection
	GlobalSection(ExtensibilityGlobals) = postSolution
		SolutionGuid = {810ACB3B-FB82-4EE4-9FF3-C22AD36EDCC1}
	EndGlobalSection
EndGlobal
