
Microsoft Visual Studio Solution File, Format Version 12.00
# Visual Studio Version 16
VisualStudioVersion = 16.0.31005.135
MinimumVisualStudioVersion = 10.0.40219.1
Project("{FAE04EC0-301F-11D3-BF4B-00C04F79EFBC}") = "practice2_Camera Calibration", "practice2_Camera Calibration\practice2_Camera Calibration.csproj", "{AB3A8FDC-2688-49E1-869F-B18F5D9DF3EB}"
EndProject
Global
	GlobalSection(SolutionConfigurationPlatforms) = preSolution
		Debug|Any CPU = Debug|Any CPU
		Release|Any CPU = Release|Any CPU
	EndGlobalSection
	GlobalSection(ProjectConfigurationPlatforms) = postSolution
		{AB3A8FDC-2688-49E1-869F-B18F5D9DF3EB}.Debug|Any CPU.ActiveCfg = Debug|Any CPU
		{AB3A8FDC-2688-49E1-869F-B18F5D9DF3EB}.Debug|Any CPU.Build.0 = Debug|Any CPU
		{AB3A8FDC-2688-49E1-869F-B18F5D9DF3EB}.Release|Any CPU.ActiveCfg = Release|Any CPU
		{AB3A8FDC-2688-49E1-869F-B18F5D9DF3EB}.Release|Any CPU.Build.0 = Release|Any CPU
	EndGlobalSection
	GlobalSection(SolutionProperties) = preSolution
		HideSolutionNode = FALSE
	EndGlobalSection
	GlobalSection(ExtensibilityGlobals) = postSolution
		SolutionGuid = {481C8051-0407-40B2-9CFF-67C41DF7A85E}
	EndGlobalSection
EndGlobal
